
Microsoft Visual Studio Solution File, Format Version 12.00
# Visual Studio Version 17
VisualStudioVersion = 17.7.34031.279
MinimumVisualStudioVersion = 10.0.40219.1
Project("{FAE04EC0-301F-11D3-BF4B-00C04F79EFBC}") = "SuperHeroesApp", "SuperHeroesApp.csproj", "{5A853B06-8961-4C43-A424-D499580C9B36}"
EndProject
Global
	GlobalSection(SolutionConfigurationPlatforms) = preSolution
		Debug|Any CPU = Debug|Any CPU
		Release|Any CPU = Release|Any CPU
	EndGlobalSection
	GlobalSection(ProjectConfigurationPlatforms) = postSolution
		{5A853B06-8961-4C43-A424-D499580C9B36}.Debug|Any CPU.ActiveCfg = Debug|Any CPU
		{5A853B06-8961-4C43-A424-D499580C9B36}.Debug|Any CPU.Build.0 = Debug|Any CPU
		{5A853B06-8961-4C43-A424-D499580C9B36}.Release|Any CPU.ActiveCfg = Release|Any CPU
		{5A853B06-8961-4C43-A424-D499580C9B36}.Release|Any CPU.Build.0 = Release|Any CPU
	EndGlobalSection
	GlobalSection(SolutionProperties) = preSolution
		HideSolutionNode = FALSE
	EndGlobalSection
	GlobalSection(ExtensibilityGlobals) = postSolution
		SolutionGuid = {073CB059-8079-4088-B70F-2CD4D7278508}
	EndGlobalSection
EndGlobal
